{
  "requires": true,
  "lockfileVersion": 1,
  "dependencies": {
    "@angular/material": {
      "version": "11.2.1",
      "resolved": "https://registry.npmjs.org/@angular/material/-/material-11.2.1.tgz",
      "integrity": "sha512-unHC8W+GcZSNRNSZ4l3ABdbezf6PIUtShx5MMG6HXgieqlkEgkU0W0BAeGvO/61vl6yEebizMYD/+5yqM9lUlw==",
      "requires": {
        "tslib": "^2.0.0"
      }
    },
    "tslib": {
      "version": "2.1.0",
      "resolved": "https://registry.npmjs.org/tslib/-/tslib-2.1.0.tgz",
      "integrity": "sha512-hcVC3wYEziELGGmEEXue7D75zbwIIVUMWAVbHItGPx0ziyXxrOMQx4rQEVEV45Ut/1IotuEvwqPopzIOkDMf0A=="
    }
  }
}
